
Microsoft Visual Studio Solution File, Format Version 12.00
# Visual Studio Version 16
VisualStudioVersion = 16.0.30611.23
MinimumVisualStudioVersion = 10.0.40219.1
Project("{FAE04EC0-301F-11D3-BF4B-00C04F79EFBC}") = "TiendaMascotas", "TiendaMascotas.csproj", "{F22DDF75-E419-4D19-8F31-1A2B5E766039}"
EndProject
Global
	GlobalSection(SolutionConfigurationPlatforms) = preSolution
		Debug|Any CPU = Debug|Any CPU
		Release|Any CPU = Release|Any CPU
	EndGlobalSection
	GlobalSection(ProjectConfigurationPlatforms) = postSolution
		{F22DDF75-E419-4D19-8F31-1A2B5E766039}.Debug|Any CPU.ActiveCfg = Debug|Any CPU
		{F22DDF75-E419-4D19-8F31-1A2B5E766039}.Debug|Any CPU.Build.0 = Debug|Any CPU
		{F22DDF75-E419-4D19-8F31-1A2B5E766039}.Release|Any CPU.ActiveCfg = Release|Any CPU
		{F22DDF75-E419-4D19-8F31-1A2B5E766039}.Release|Any CPU.Build.0 = Release|Any CPU
	EndGlobalSection
	GlobalSection(SolutionProperties) = preSolution
		HideSolutionNode = FALSE
	EndGlobalSection
	GlobalSection(ExtensibilityGlobals) = postSolution
		SolutionGuid = {8220CE3C-79B7-4568-AC16-5E8A23AB57FF}
	EndGlobalSection
EndGlobal
